
Microsoft Visual Studio Solution File, Format Version 12.00
# Visual Studio 15
VisualStudioVersion = 15.0.27004.2009
MinimumVisualStudioVersion = 10.0.40219.1
Project("{FAE04EC0-301F-11D3-BF4B-00C04F79EFBC}") = "SaveEditor", "src\SaveEditor.csproj", "{77C21ECF-8D3F-42A8-8EA2-7BCA285B756A}"
EndProject
Project("{FAE04EC0-301F-11D3-BF4B-00C04F79EFBC}") = "SaveEditorWPF", "SaveEditorWPF\SaveEditorWPF.csproj", "{BD1199D6-9D08-47FC-A739-5E2569D37851}"
EndProject
Global
	GlobalSection(SolutionConfigurationPlatforms) = preSolution
		Debug|Any CPU = Debug|Any CPU
		Release|Any CPU = Release|Any CPU
	EndGlobalSection
	GlobalSection(ProjectConfigurationPlatforms) = postSolution
		{77C21ECF-8D3F-42A8-8EA2-7BCA285B756A}.Debug|Any CPU.ActiveCfg = Debug|Any CPU
		{77C21ECF-8D3F-42A8-8EA2-7BCA285B756A}.Debug|Any CPU.Build.0 = Debug|Any CPU
		{77C21ECF-8D3F-42A8-8EA2-7BCA285B756A}.Release|Any CPU.ActiveCfg = Release|Any CPU
		{77C21ECF-8D3F-42A8-8EA2-7BCA285B756A}.Release|Any CPU.Build.0 = Release|Any CPU
		{BD1199D6-9D08-47FC-A739-5E2569D37851}.Debug|Any CPU.ActiveCfg = Debug|Any CPU
		{BD1199D6-9D08-47FC-A739-5E2569D37851}.Debug|Any CPU.Build.0 = Debug|Any CPU
		{BD1199D6-9D08-47FC-A739-5E2569D37851}.Release|Any CPU.ActiveCfg = Release|Any CPU
		{BD1199D6-9D08-47FC-A739-5E2569D37851}.Release|Any CPU.Build.0 = Release|Any CPU
	EndGlobalSection
	GlobalSection(SolutionProperties) = preSolution
		HideSolutionNode = FALSE
	EndGlobalSection
	GlobalSection(ExtensibilityGlobals) = postSolution
		SolutionGuid = {39D03057-C7FB-4B98-995D-EE7063F99AA4}
	EndGlobalSection
EndGlobal
