
Microsoft Visual Studio Solution File, Format Version 12.00
# Visual Studio 15
VisualStudioVersion = 15.0.26430.16
MinimumVisualStudioVersion = 10.0.40219.1
Project("{FAE04EC0-301F-11D3-BF4B-00C04F79EFBC}") = "WHampson.Cascara", "WHampson.Cascara\WHampson.Cascara.csproj", "{BA7EE64B-D06B-4907-9DC9-09C4DC0ECE77}"
EndProject
Project("{FAE04EC0-301F-11D3-BF4B-00C04F79EFBC}") = "WHampson.Cascara.Test", "WHampson.Cascara.Test\WHampson.Cascara.Test.csproj", "{850685BC-FB16-4B63-9956-93579BB2AD51}"
EndProject
Global
	GlobalSection(SolutionConfigurationPlatforms) = preSolution
		Debug|Any CPU = Debug|Any CPU
		Release|Any CPU = Release|Any CPU
	EndGlobalSection
	GlobalSection(ProjectConfigurationPlatforms) = postSolution
		{BA7EE64B-D06B-4907-9DC9-09C4DC0ECE77}.Debug|Any CPU.ActiveCfg = Debug|Any CPU
		{BA7EE64B-D06B-4907-9DC9-09C4DC0ECE77}.Debug|Any CPU.Build.0 = Debug|Any CPU
		{BA7EE64B-D06B-4907-9DC9-09C4DC0ECE77}.Release|Any CPU.ActiveCfg = Release|Any CPU
		{BA7EE64B-D06B-4907-9DC9-09C4DC0ECE77}.Release|Any CPU.Build.0 = Release|Any CPU
		{850685BC-FB16-4B63-9956-93579BB2AD51}.Debug|Any CPU.ActiveCfg = Debug|Any CPU
		{850685BC-FB16-4B63-9956-93579BB2AD51}.Debug|Any CPU.Build.0 = Debug|Any CPU
		{850685BC-FB16-4B63-9956-93579BB2AD51}.Release|Any CPU.ActiveCfg = Release|Any CPU
		{850685BC-FB16-4B63-9956-93579BB2AD51}.Release|Any CPU.Build.0 = Release|Any CPU
	EndGlobalSection
	GlobalSection(SolutionProperties) = preSolution
		HideSolutionNode = FALSE
	EndGlobalSection
EndGlobal
